<?xml version="1.0" encoding="utf-8"?>
<Project ToolsVersion="4.0" xmlns="http://schemas.microsoft.com/developer/msbuild/2003">
  <ItemGroup>
    <Filter Include="object">
      <UniqueIdentifier>{d61a4bf6-d66b-402f-be7b-70903ed4dbe8}</UniqueIdentifier>
    </Filter>
    <Filter Include="message">
      <UniqueIdentifier>{1d4b48a5-46d1-4140-8a82-9e7e1a1a16c9}</UniqueIdentifier>
    </Filter>
    <Filter Include="state">
      <UniqueIdentifier>{e4aed057-a6ec-4eb4-863b-fa3cac7957db}</UniqueIdentifier>
    </Filter>
    <Filter Include="lockstep">
      <UniqueIdentifier>{653a1b0e-f2aa-48da-a0ed-7e0cc4420f44}</UniqueIdentifier>
    </Filter>
    <Filter Include="player">
      <UniqueIdentifier>{953d45e5-f3f1-4299-a869-b30058915c50}</UniqueIdentifier>
    </Filter>
    <Filter Include="room">
      <UniqueIdentifier>{82e664e7-31ec-4f7d-9518-6544b2b81e28}</UniqueIdentifier>
    </Filter>
    <Filter Include="scene">
      <UniqueIdentifier>{8dc470a4-5ee2-4e99-8f84-3ccdde681daf}</UniqueIdentifier>
    </Filter>
  </ItemGroup>
  <ItemGroup>
    <ClInclude Include="message\Message.h">
      <Filter>message</Filter>
    </ClInclude>
    <ClInclude Include="message\MessageDispatcher.h">
      <Filter>message</Filter>
    </ClInclude>
    <ClInclude Include="message\MessageHandler.h">
      <Filter>message</Filter>
    </ClInclude>
    <ClInclude Include="message\MessageID.h">
      <Filter>message</Filter>
    </ClInclude>
    <ClInclude Include="object\EntityManager.h">
      <Filter>object</Filter>
    </ClInclude>
    <ClInclude Include="object\GameObject.h">
      <Filter>object</Filter>
    </ClInclude>
    <ClInclude Include="object\GameObject_Dynamic.h">
      <Filter>object</Filter>
    </ClInclude>
    <ClInclude Include="object\GameObject_Entity.h">
      <Filter>object</Filter>
    </ClInclude>
    <ClInclude Include="object\GameObject_Static.h">
      <Filter>object</Filter>
    </ClInclude>
    <ClInclude Include="object\GameObjectAttribute.h">
      <Filter>object</Filter>
    </ClInclude>
    <ClInclude Include="object\GameObjectType.h">
      <Filter>object</Filter>
    </ClInclude>
    <ClInclude Include="object\GameType.h">
      <Filter>object</Filter>
    </ClInclude>
    <ClInclude Include="state\State.h">
      <Filter>state</Filter>
    </ClInclude>
    <ClInclude Include="state\StateMachine.h">
      <Filter>state</Filter>
    </ClInclude>
    <ClInclude Include="state\StateManager.h">
      <Filter>state</Filter>
    </ClInclude>
    <ClInclude Include="lockstep\Frame.h">
      <Filter>lockstep</Filter>
    </ClInclude>
    <ClInclude Include="lockstep\FrameExecutor.h">
      <Filter>lockstep</Filter>
    </ClInclude>
    <ClInclude Include="lockstep\FrameGame.h">
      <Filter>lockstep</Filter>
    </ClInclude>
    <ClInclude Include="lockstep\FrameGameManager.h">
      <Filter>lockstep</Filter>
    </ClInclude>
    <ClInclude Include="lockstep\FrameImpl.h">
      <Filter>lockstep</Filter>
    </ClInclude>
    <ClInclude Include="lockstep\FrameRoom.h">
      <Filter>lockstep</Filter>
    </ClInclude>
    <ClInclude Include="lockstep\FrameSequence.h">
      <Filter>lockstep</Filter>
    </ClInclude>
    <ClInclude Include="player\GamePlayer.h">
      <Filter>player</Filter>
    </ClInclude>
    <ClInclude Include="player\GamePlayerActor.h">
      <Filter>player</Filter>
    </ClInclude>
    <ClInclude Include="player\GamePlayerActorManager.h">
      <Filter>player</Filter>
    </ClInclude>
    <ClInclude Include="player\GamePlayerFactory.h">
      <Filter>player</Filter>
    </ClInclude>
    <ClInclude Include="room\RoomBase.h">
      <Filter>room</Filter>
    </ClInclude>
    <ClInclude Include="room\RoomContainer.h">
      <Filter>room</Filter>
    </ClInclude>
    <ClInclude Include="room\RoomRegistry.h">
      <Filter>room</Filter>
    </ClInclude>
    <ClInclude Include="scene\SceneBase.h">
      <Filter>scene</Filter>
    </ClInclude>
  </ItemGroup>
  <ItemGroup>
    <ClCompile Include="message\MessageDispatcher.cpp">
      <Filter>message</Filter>
    </ClCompile>
    <ClCompile Include="object\EntityManager.cpp">
      <Filter>object</Filter>
    </ClCompile>
    <ClCompile Include="object\GameObject_Dynamic.cpp">
      <Filter>object</Filter>
    </ClCompile>
    <ClCompile Include="object\GameObject_Static.cpp">
      <Filter>object</Filter>
    </ClCompile>
    <ClCompile Include="lockstep\FrameExecutor.cpp">
      <Filter>lockstep</Filter>
    </ClCompile>
    <ClCompile Include="lockstep\FrameGame.cpp">
      <Filter>lockstep</Filter>
    </ClCompile>
    <ClCompile Include="lockstep\FrameImpl.cpp">
      <Filter>lockstep</Filter>
    </ClCompile>
    <ClCompile Include="lockstep\FrameRoom.cpp">
      <Filter>lockstep</Filter>
    </ClCompile>
    <ClCompile Include="lockstep\FrameSequence.cpp">
      <Filter>lockstep</Filter>
    </ClCompile>
    <ClCompile Include="room\RoomBase.cpp">
      <Filter>room</Filter>
    </ClCompile>
    <ClCompile Include="room\RoomBaseEvent.cpp">
      <Filter>room</Filter>
    </ClCompile>
    <ClCompile Include="room\RoomContainer.cpp">
      <Filter>room</Filter>
    </ClCompile>
  </ItemGroup>
</Project>