<?xml version="1.0" encoding="utf-8"?>
<Project ToolsVersion="4.0" xmlns="http://schemas.microsoft.com/developer/msbuild/2003">
  <ItemGroup>
    <Filter Include="mongo">
      <UniqueIdentifier>{8bedb498-ca62-4c28-96dd-3b3718e46164}</UniqueIdentifier>
    </Filter>
    <Filter Include="redis">
      <UniqueIdentifier>{6ee3dc5d-37d8-41fe-ba8a-aae411b96d65}</UniqueIdentifier>
    </Filter>
  </ItemGroup>
  <ItemGroup>
    <ClInclude Include="DBClient.h" />
    <ClInclude Include="mongo\MongoClient.h">
      <Filter>mongo</Filter>
    </ClInclude>
    <ClInclude Include="mongo\MongoAccess.h">
      <Filter>mongo</Filter>
    </ClInclude>
    <ClInclude Include="mongo\MongoExecutor.h">
      <Filter>mongo</Filter>
    </ClInclude>
    <ClInclude Include="DBHandler.h" />
    <ClInclude Include="DBHandlerManager.h" />
    <ClInclude Include="mongo\MongoElement.h">
      <Filter>mongo</Filter>
    </ClInclude>
    <ClInclude Include="redis\RedisAccess.h">
      <Filter>redis</Filter>
    </ClInclude>
    <ClInclude Include="redis\RedisClient.h">
      <Filter>redis</Filter>
    </ClInclude>
    <ClInclude Include="redis\RedisExecutor.h">
      <Filter>redis</Filter>
    </ClInclude>
    <ClInclude Include="redis\RedisMacro.h">
      <Filter>redis</Filter>
    </ClInclude>
  </ItemGroup>
  <ItemGroup>
    <ClCompile Include="mongo\MongoClient.cpp">
      <Filter>mongo</Filter>
    </ClCompile>
    <ClCompile Include="mongo\MongoAccess.cpp">
      <Filter>mongo</Filter>
    </ClCompile>
    <ClCompile Include="mongo\MongoExecutor.cpp">
      <Filter>mongo</Filter>
    </ClCompile>
    <ClCompile Include="DBHandlerManager.cpp" />
    <ClCompile Include="redis\RedisAccess.cpp">
      <Filter>redis</Filter>
    </ClCompile>
    <ClCompile Include="redis\RedisClient.cpp">
      <Filter>redis</Filter>
    </ClCompile>
    <ClCompile Include="redis\RedisExecutor.cpp">
      <Filter>redis</Filter>
    </ClCompile>
  </ItemGroup>
</Project>